
Microsoft Visual Studio Solution File, Format Version 12.00
# Visual Studio 15
VisualStudioVersion = 15.0.28010.2019
MinimumVisualStudioVersion = 10.0.40219.1
Project("{9A19103F-16F7-4668-BE54-9A1E7A4F7556}") = "LinkedList", "DataStructures\LinkedList\LinkedList.csproj", "{6271266C-B294-491D-B11B-F136FC4AE52F}"
EndProject
Project("{9A19103F-16F7-4668-BE54-9A1E7A4F7556}") = "LinkedList.Tests", "DataStructures\LinkedList.Tests\LinkedList.Tests.csproj", "{12F63E96-4C44-4D80-9D4E-D1BF1E56D631}"
EndProject
Project("{9A19103F-16F7-4668-BE54-9A1E7A4F7556}") = "HashTable", "DataStructures\HashTable\HashTable.csproj", "{38A431FE-9CDF-4E14-A1B0-87A9F001649F}"
EndProject
Project("{9A19103F-16F7-4668-BE54-9A1E7A4F7556}") = "HashTable.Tests", "DataStructures\HashTable.Tests\HashTable.Tests.csproj", "{322AE00C-2F42-40B3-83B7-1169E5085C64}"
EndProject
Project("{FAE04EC0-301F-11D3-BF4B-00C04F79EFBC}") = "IDisposableImplementation", "IDisposable\IDisposableImplementation\IDisposableImplementation\IDisposableImplementation.csproj", "{416509EB-A2DC-4CB6-87CC-4F44C20380F0}"
EndProject
Project("{FAE04EC0-301F-11D3-BF4B-00C04F79EFBC}") = "FileWriter", "IDisposable\FileWriter\FileWriter\FileWriter.csproj", "{AB167933-FC43-480E-968F-6F0738C09F6E}"
EndProject
Project("{FAE04EC0-301F-11D3-BF4B-00C04F79EFBC}") = "FileWriterTests", "IDisposable\FileWriter\FileWriterTests\FileWriterTests.csproj", "{A9363C11-EA72-448B-A213-DF50CE107DD9}"
EndProject
Project("{FAE04EC0-301F-11D3-BF4B-00C04F79EFBC}") = "ZooInDanger", "GC\ZooInDanger\ZooInDanger\ZooInDanger.csproj", "{9503142D-1CE8-42CB-8884-303F01E3B66C}"
EndProject
Project("{FAE04EC0-301F-11D3-BF4B-00C04F79EFBC}") = "DeadAlive", "GC\DeadAlive\DeadAlive.csproj", "{B5A71C0F-D540-47F6-82D4-727EDF6EEF5E}"
EndProject
Project("{FAE04EC0-301F-11D3-BF4B-00C04F79EFBC}") = "NoStaticResurrection", "GC\NoStaticResurrection\NoStaticResurrection.csproj", "{57523FF7-0506-4401-BD64-210147CF925C}"
EndProject
Project("{FAE04EC0-301F-11D3-BF4B-00C04F79EFBC}") = "CodeFix", "GC\CodeFix\CodeFix.csproj", "{8C275526-A8C7-43C7-9B8E-07E3D7A4CD9A}"
EndProject
Global
	GlobalSection(SolutionConfigurationPlatforms) = preSolution
		Debug|Any CPU = Debug|Any CPU
		Release|Any CPU = Release|Any CPU
	EndGlobalSection
	GlobalSection(ProjectConfigurationPlatforms) = postSolution
		{6271266C-B294-491D-B11B-F136FC4AE52F}.Debug|Any CPU.ActiveCfg = Debug|Any CPU
		{6271266C-B294-491D-B11B-F136FC4AE52F}.Debug|Any CPU.Build.0 = Debug|Any CPU
		{6271266C-B294-491D-B11B-F136FC4AE52F}.Release|Any CPU.ActiveCfg = Release|Any CPU
		{6271266C-B294-491D-B11B-F136FC4AE52F}.Release|Any CPU.Build.0 = Release|Any CPU
		{12F63E96-4C44-4D80-9D4E-D1BF1E56D631}.Debug|Any CPU.ActiveCfg = Debug|Any CPU
		{12F63E96-4C44-4D80-9D4E-D1BF1E56D631}.Debug|Any CPU.Build.0 = Debug|Any CPU
		{12F63E96-4C44-4D80-9D4E-D1BF1E56D631}.Release|Any CPU.ActiveCfg = Release|Any CPU
		{12F63E96-4C44-4D80-9D4E-D1BF1E56D631}.Release|Any CPU.Build.0 = Release|Any CPU
		{38A431FE-9CDF-4E14-A1B0-87A9F001649F}.Debug|Any CPU.ActiveCfg = Debug|Any CPU
		{38A431FE-9CDF-4E14-A1B0-87A9F001649F}.Debug|Any CPU.Build.0 = Debug|Any CPU
		{38A431FE-9CDF-4E14-A1B0-87A9F001649F}.Release|Any CPU.ActiveCfg = Release|Any CPU
		{38A431FE-9CDF-4E14-A1B0-87A9F001649F}.Release|Any CPU.Build.0 = Release|Any CPU
		{322AE00C-2F42-40B3-83B7-1169E5085C64}.Debug|Any CPU.ActiveCfg = Debug|Any CPU
		{322AE00C-2F42-40B3-83B7-1169E5085C64}.Debug|Any CPU.Build.0 = Debug|Any CPU
		{322AE00C-2F42-40B3-83B7-1169E5085C64}.Release|Any CPU.ActiveCfg = Release|Any CPU
		{322AE00C-2F42-40B3-83B7-1169E5085C64}.Release|Any CPU.Build.0 = Release|Any CPU
		{416509EB-A2DC-4CB6-87CC-4F44C20380F0}.Debug|Any CPU.ActiveCfg = Debug|Any CPU
		{416509EB-A2DC-4CB6-87CC-4F44C20380F0}.Debug|Any CPU.Build.0 = Debug|Any CPU
		{416509EB-A2DC-4CB6-87CC-4F44C20380F0}.Release|Any CPU.ActiveCfg = Release|Any CPU
		{416509EB-A2DC-4CB6-87CC-4F44C20380F0}.Release|Any CPU.Build.0 = Release|Any CPU
		{AB167933-FC43-480E-968F-6F0738C09F6E}.Debug|Any CPU.ActiveCfg = Debug|Any CPU
		{AB167933-FC43-480E-968F-6F0738C09F6E}.Debug|Any CPU.Build.0 = Debug|Any CPU
		{AB167933-FC43-480E-968F-6F0738C09F6E}.Release|Any CPU.ActiveCfg = Release|Any CPU
		{AB167933-FC43-480E-968F-6F0738C09F6E}.Release|Any CPU.Build.0 = Release|Any CPU
		{A9363C11-EA72-448B-A213-DF50CE107DD9}.Debug|Any CPU.ActiveCfg = Debug|Any CPU
		{A9363C11-EA72-448B-A213-DF50CE107DD9}.Debug|Any CPU.Build.0 = Debug|Any CPU
		{A9363C11-EA72-448B-A213-DF50CE107DD9}.Release|Any CPU.ActiveCfg = Release|Any CPU
		{A9363C11-EA72-448B-A213-DF50CE107DD9}.Release|Any CPU.Build.0 = Release|Any CPU
		{9503142D-1CE8-42CB-8884-303F01E3B66C}.Debug|Any CPU.ActiveCfg = Debug|Any CPU
		{9503142D-1CE8-42CB-8884-303F01E3B66C}.Debug|Any CPU.Build.0 = Debug|Any CPU
		{9503142D-1CE8-42CB-8884-303F01E3B66C}.Release|Any CPU.ActiveCfg = Release|Any CPU
		{9503142D-1CE8-42CB-8884-303F01E3B66C}.Release|Any CPU.Build.0 = Release|Any CPU
		{B5A71C0F-D540-47F6-82D4-727EDF6EEF5E}.Debug|Any CPU.ActiveCfg = Debug|Any CPU
		{B5A71C0F-D540-47F6-82D4-727EDF6EEF5E}.Debug|Any CPU.Build.0 = Debug|Any CPU
		{B5A71C0F-D540-47F6-82D4-727EDF6EEF5E}.Release|Any CPU.ActiveCfg = Release|Any CPU
		{B5A71C0F-D540-47F6-82D4-727EDF6EEF5E}.Release|Any CPU.Build.0 = Release|Any CPU
		{57523FF7-0506-4401-BD64-210147CF925C}.Debug|Any CPU.ActiveCfg = Debug|Any CPU
		{57523FF7-0506-4401-BD64-210147CF925C}.Debug|Any CPU.Build.0 = Debug|Any CPU
		{57523FF7-0506-4401-BD64-210147CF925C}.Release|Any CPU.ActiveCfg = Release|Any CPU
		{57523FF7-0506-4401-BD64-210147CF925C}.Release|Any CPU.Build.0 = Release|Any CPU
		{8C275526-A8C7-43C7-9B8E-07E3D7A4CD9A}.Debug|Any CPU.ActiveCfg = Debug|Any CPU
		{8C275526-A8C7-43C7-9B8E-07E3D7A4CD9A}.Debug|Any CPU.Build.0 = Debug|Any CPU
		{8C275526-A8C7-43C7-9B8E-07E3D7A4CD9A}.Release|Any CPU.ActiveCfg = Release|Any CPU
		{8C275526-A8C7-43C7-9B8E-07E3D7A4CD9A}.Release|Any CPU.Build.0 = Release|Any CPU
	EndGlobalSection
	GlobalSection(SolutionProperties) = preSolution
		HideSolutionNode = FALSE
	EndGlobalSection
	GlobalSection(ExtensibilityGlobals) = postSolution
		SolutionGuid = {E7024134-4ECD-49A4-89F8-71AB2B39643F}
	EndGlobalSection
EndGlobal
