
Microsoft Visual Studio Solution File, Format Version 12.00
# Visual Studio 15
VisualStudioVersion = 15.0.28010.2046
MinimumVisualStudioVersion = 10.0.40219.1
Project("{FAE04EC0-301F-11D3-BF4B-00C04F79EFBC}") = "Adapter", "Adapter\Adapter.csproj", "{D18971B5-CBFF-495A-B040-A62A751D1323}"
EndProject
Global
	GlobalSection(SolutionConfigurationPlatforms) = preSolution
		Debug|Any CPU = Debug|Any CPU
		Release|Any CPU = Release|Any CPU
	EndGlobalSection
	GlobalSection(ProjectConfigurationPlatforms) = postSolution
		{D18971B5-CBFF-495A-B040-A62A751D1323}.Debug|Any CPU.ActiveCfg = Debug|Any CPU
		{D18971B5-CBFF-495A-B040-A62A751D1323}.Debug|Any CPU.Build.0 = Debug|Any CPU
		{D18971B5-CBFF-495A-B040-A62A751D1323}.Release|Any CPU.ActiveCfg = Release|Any CPU
		{D18971B5-CBFF-495A-B040-A62A751D1323}.Release|Any CPU.Build.0 = Release|Any CPU
	EndGlobalSection
	GlobalSection(SolutionProperties) = preSolution
		HideSolutionNode = FALSE
	EndGlobalSection
	GlobalSection(ExtensibilityGlobals) = postSolution
		SolutionGuid = {07FC4C0F-6207-46FF-88D9-61C7619A43D1}
	EndGlobalSection
EndGlobal
